{
  "object": {
    "pins": [
      {
        "package": "Result",
        "repositoryURL": "https://github.com/ellneal/swift-result",
        "state": {
          "branch": null,
          "revision": "7c0b9c06bd36e9da20586ef7054f555d674ecdd0",
          "version": "2.0.0"
        }
      }
    ]
  },
  "version": 1
}
